
Microsoft Visual Studio Solution File, Format Version 12.00
# Visual Studio Version 17
VisualStudioVersion = 17.4.33110.190
MinimumVisualStudioVersion = 10.0.40219.1
Project("{FAE04EC0-301F-11D3-BF4B-00C04F79EFBC}") = "C DILI DORM DERSLERI MOD ALMA", "C DILI DORM DERSLERI MOD ALMA\C DILI DORM DERSLERI MOD ALMA.csproj", "{BD614918-F7A5-4B78-83B8-8ECDA12BBF7A}"
EndProject
Global
	GlobalSection(SolutionConfigurationPlatforms) = preSolution
		Debug|Any CPU = Debug|Any CPU
		Release|Any CPU = Release|Any CPU
	EndGlobalSection
	GlobalSection(ProjectConfigurationPlatforms) = postSolution
		{BD614918-F7A5-4B78-83B8-8ECDA12BBF7A}.Debug|Any CPU.ActiveCfg = Debug|Any CPU
		{BD614918-F7A5-4B78-83B8-8ECDA12BBF7A}.Debug|Any CPU.Build.0 = Debug|Any CPU
		{BD614918-F7A5-4B78-83B8-8ECDA12BBF7A}.Release|Any CPU.ActiveCfg = Release|Any CPU
		{BD614918-F7A5-4B78-83B8-8ECDA12BBF7A}.Release|Any CPU.Build.0 = Release|Any CPU
	EndGlobalSection
	GlobalSection(SolutionProperties) = preSolution
		HideSolutionNode = FALSE
	EndGlobalSection
	GlobalSection(ExtensibilityGlobals) = postSolution
		SolutionGuid = {1AE9ED71-A2B5-4B3F-9163-7CCECFAA1FEB}
	EndGlobalSection
EndGlobal
